// !$*UTF8*$!
{
	archiveVersion = 1;
	classes = {
	};
	objectVersion = 46;
	objects = {

/* Begin PBXBuildFile section */
		453940801EAF177E00C87D5D /* PinkViewController.swift in Sources */ = {isa = PBXBuildFile; fileRef = 4539407F1EAF177E00C87D5D /* PinkViewController.swift */; };
		453940821EAF1B2500C87D5D /* BlueViewController.swift in Sources */ = {isa = PBXBuildFile; fileRef = 453940811EAF1B2500C87D5D /* BlueViewController.swift */; };
		453940841EAF1BE100C87D5D /* GreenViewController.swift in Sources */ = {isa = PBXBuildFile; fileRef = 453940831EAF1BE100C87D5D /* GreenViewController.swift */; };
		453940861EAF311600C87D5D /* .gitignore in Resources */ = {isa = PBXBuildFile; fileRef = 453940851EAF311600C87D5D /* .gitignore */; };
		453940881EAF357C00C87D5D /* loginViewController.swift in Sources */ = {isa = PBXBuildFile; fileRef = 453940871EAF357C00C87D5D /* loginViewController.swift */; };
		45B53CB71EAF106B001A1459 /* AppDelegate.swift in Sources */ = {isa = PBXBuildFile; fileRef = 45B53CB61EAF106B001A1459 /* AppDelegate.swift */; };
		45B53CB91EAF106B001A1459 /* ViewController.swift in Sources */ = {isa = PBXBuildFile; fileRef = 45B53CB81EAF106B001A1459 /* ViewController.swift */; };
		45B53CBC1EAF106B001A1459 /* Main.storyboard in Resources */ = {isa = PBXBuildFile; fileRef = 45B53CBA1EAF106B001A1459 /* Main.storyboard */; };
		45B53CBE1EAF106B001A1459 /* Assets.xcassets in Resources */ = {isa = PBXBuildFile; fileRef = 45B53CBD1EAF106B001A1459 /* Assets.xcassets */; };
		45B53CC11EAF106B001A1459 /* LaunchScreen.storyboard in Resources */ = {isa = PBXBuildFile; fileRef = 45B53CBF1EAF106B001A1459 /* LaunchScreen.storyboard */; };
/* End PBXBuildFile section */

/* Begin PBXFileReference section */
		4539407F1EAF177E00C87D5D /* PinkViewController.swift */ = {isa = PBXFileReference; fileEncoding = 4; lastKnownFileType = sourcecode.swift; path = PinkViewController.swift; sourceTree = "<group>"; };
		453940811EAF1B2500C87D5D /* BlueViewController.swift */ = {isa = PBXFileReference; fileEncoding = 4; lastKnownFileType = sourcecode.swift; path = BlueViewController.swift; sourceTree = "<group>"; };
		453940831EAF1BE100C87D5D /* GreenViewController.swift */ = {isa = PBXFileReference; fileEncoding = 4; lastKnownFileType = sourcecode.swift; path = GreenViewController.swift; sourceTree = "<group>"; };
		453940851EAF311600C87D5D /* .gitignore */ = {isa = PBXFileReference; fileEncoding = 4; lastKnownFileType = text; path = .gitignore; sourceTree = "<group>"; };
		453940871EAF357C00C87D5D /* loginViewController.swift */ = {isa = PBXFileReference; fileEncoding = 4; lastKnownFileType = sourcecode.swift; name = loginViewController.swift; path = ../loginViewController.swift; sourceTree = "<group>"; };
		45B53CB31EAF106B001A1459 /* YsTest2.app */ = {isa = PBXFileReference; explicitFileType = wrapper.application; includeInIndex = 0; path = YsTest2.app; sourceTree = BUILT_PRODUCTS_DIR; };
		45B53CB61EAF106B001A1459 /* AppDelegate.swift */ = {isa = PBXFileReference; lastKnownFileType = sourcecode.swift; path = AppDelegate.swift; sourceTree = "<group>"; };
		45B53CB81EAF106B001A1459 /* ViewController.swift */ = {isa = PBXFileReference; lastKnownFileType = sourcecode.swift; path = ViewController.swift; sourceTree = "<group>"; };
		45B53CBB1EAF106B001A1459 /* Base */ = {isa = PBXFileReference; lastKnownFileType = file.storyboard; name = Base; path = Base.lproj/Main.storyboard; sourceTree = "<group>"; };
		45B53CBD1EAF106B001A1459 /* Assets.xcassets */ = {isa = PBXFileReference; lastKnownFileType = folder.assetcatalog; path = Assets.xcassets; sourceTree = "<group>"; };
		45B53CC01EAF106B001A1459 /* Base */ = {isa = PBXFileReference; lastKnownFileType = file.storyboard; name = Base; path = Base.lproj/LaunchScreen.storyboard; sourceTree = "<group>"; };
		45B53CC21EAF106B001A1459 /* Info.plist */ = {isa = PBXFileReference; lastKnownFileType = text.plist.xml; path = Info.plist; sourceTree = "<group>"; };
/* End PBXFileReference section */

/* Begin PBXFrameworksBuildPhase section */
		45B53CB01EAF106B001A1459 /* Frameworks */ = {
			isa = PBXFrameworksBuildPhase;
			buildActionMask = 2147483647;
			files = (
			);
			runOnlyForDeploymentPostprocessing = 0;
		};
/* End PBXFrameworksBuildPhase section */

/* Begin PBXGroup section */
		45B53CAA1EAF106B001A1459 = {
			isa = PBXGroup;
			children = (
				453940851EAF311600C87D5D /* .gitignore */,
				45B53CB51EAF106B001A1459 /* YsTest2 */,
				45B53CB41EAF106B001A1459 /* Products */,
			);
			sourceTree = "<group>";
		};
		45B53CB41EAF106B001A1459 /* Products */ = {
			isa = PBXGroup;
			children = (
				45B53CB31EAF106B001A1459 /* YsTest2.app */,
			);
			name = Products;
			sourceTree = "<group>";
		};
		45B53CB51EAF106B001A1459 /* YsTest2 */ = {
			isa = PBXGroup;
			children = (
				45B53CB61EAF106B001A1459 /* AppDelegate.swift */,
				45B53CB81EAF106B001A1459 /* ViewController.swift */,
				45B53CBA1EAF106B001A1459 /* Main.storyboard */,
				45B53CBD1EAF106B001A1459 /* Assets.xcassets */,
				45B53CBF1EAF106B001A1459 /* LaunchScreen.storyboard */,
				45B53CC21EAF106B001A1459 /* Info.plist */,
				453940871EAF357C00C87D5D /* loginViewController.swift */,
				4539407F1EAF177E00C87D5D /* PinkViewController.swift */,
				453940811EAF1B2500C87D5D /* BlueViewController.swift */,
				453940831EAF1BE100C87D5D /* GreenViewController.swift */,
			);
			path = YsTest2;
			sourceTree = "<group>";
		};
/* End PBXGroup section */

/* Begin PBXNativeTarget section */
		45B53CB21EAF106B001A1459 /* YsTest2 */ = {
			isa = PBXNativeTarget;
			buildConfigurationList = 45B53CC51EAF106B001A1459 /* Build configuration list for PBXNativeTarget "YsTest2" */;
			buildPhases = (
				45B53CAF1EAF106B001A1459 /* Sources */,
				45B53CB01EAF106B001A1459 /* Frameworks */,
				45B53CB11EAF106B001A1459 /* Resources */,
			);
			buildRules = (
			);
			dependencies = (
			);
			name = YsTest2;
			productName = YsTest2;
			productReference = 45B53CB31EAF106B001A1459 /* YsTest2.app */;
			productType = "com.apple.product-type.application";
		};
/* End PBXNativeTarget section */

/* Begin PBXProject section */
		45B53CAB1EAF106B001A1459 /* Project object */ = {
			isa = PBXProject;
			attributes = {
				LastSwiftUpdateCheck = 0800;
				LastUpgradeCheck = 0800;
				ORGANIZATIONNAME = FSI;
				TargetAttributes = {
					45B53CB21EAF106B001A1459 = {
						CreatedOnToolsVersion = 8.0;
						DevelopmentTeam = 4Z5X73439J;
						ProvisioningStyle = Automatic;
					};
				};
			};
			buildConfigurationList = 45B53CAE1EAF106B001A1459 /* Build configuration list for PBXProject "YsTest2" */;
			compatibilityVersion = "Xcode 3.2";
			developmentRegion = English;
			hasScannedForEncodings = 0;
			knownRegions = (
				en,
				Base,
			);
			mainGroup = 45B53CAA1EAF106B001A1459;
			productRefGroup = 45B53CB41EAF106B001A1459 /* Products */;
			projectDirPath = "";
			projectRoot = "";
			targets = (
				45B53CB21EAF106B001A1459 /* YsTest2 */,
			);
		};
/* End PBXProject section */

/* Begin PBXResourcesBuildPhase section */
		45B53CB11EAF106B001A1459 /* Resources */ = {
			isa = PBXResourcesBuildPhase;
			buildActionMask = 2147483647;
			files = (
				453940861EAF311600C87D5D /* .gitignore in Resources */,
				45B53CC11EAF106B001A1459 /* LaunchScreen.storyboard in Resources */,
				45B53CBE1EAF106B001A1459 /* Assets.xcassets in Resources */,
				45B53CBC1EAF106B001A1459 /* Main.storyboard in Resources */,
			);
			runOnlyForDeploymentPostprocessing = 0;
		};
/* End PBXResourcesBuildPhase section */

/* Begin PBXSourcesBuildPhase section */
		45B53CAF1EAF106B001A1459 /* Sources */ = {
			isa = PBXSourcesBuildPhase;
			buildActionMask = 2147483647;
			files = (
				453940801EAF177E00C87D5D /* PinkViewController.swift in Sources */,
				45B53CB91EAF106B001A1459 /* ViewController.swift in Sources */,
				453940881EAF357C00C87D5D /* loginViewController.swift in Sources */,
				453940821EAF1B2500C87D5D /* BlueViewController.swift in Sources */,
				45B53CB71EAF106B001A1459 /* AppDelegate.swift in Sources */,
				453940841EAF1BE100C87D5D /* GreenViewController.swift in Sources */,
			);
			runOnlyForDeploymentPostprocessing = 0;
		};
/* End PBXSourcesBuildPhase section */

/* Begin PBXVariantGroup section */
		45B53CBA1EAF106B001A1459 /* Main.storyboard */ = {
			isa = PBXVariantGroup;
			children = (
				45B53CBB1EAF106B001A1459 /* Base */,
			);
			name = Main.storyboard;
			sourceTree = "<group>";
		};
		45B53CBF1EAF106B001A1459 /* LaunchScreen.storyboard */ = {
			isa = PBXVariantGroup;
			children = (
				45B53CC01EAF106B001A1459 /* Base */,
			);
			name = LaunchScreen.storyboard;
			sourceTree = "<group>";
		};
/* End PBXVariantGroup section */

/* Begin XCBuildConfiguration section */
		45B53CC31EAF106B001A1459 /* Debug */ = {
			isa = XCBuildConfiguration;
			buildSettings = {
				ALWAYS_SEARCH_USER_PATHS = NO;
				CLANG_ANALYZER_NONNULL = YES;
				CLANG_CXX_LANGUAGE_STANDARD = "gnu++0x";
				CLANG_CXX_LIBRARY = "libc++";
				CLANG_ENABLE_MODULES = YES;
				CLANG_ENABLE_OBJC_ARC = YES;
				CLANG_WARN_BOOL_CONVERSION = YES;
				CLANG_WARN_CONSTANT_CONVERSION = YES;
				CLANG_WARN_DIRECT_OBJC_ISA_USAGE = YES_ERROR;
				CLANG_WARN_DOCUMENTATION_COMMENTS = YES;
				CLANG_WARN_EMPTY_BODY = YES;
				CLANG_WARN_ENUM_CONVERSION = YES;
				CLANG_WARN_INFINITE_RECURSION = YES;
				CLANG_WARN_INT_CONVERSION = YES;
				CLANG_WARN_OBJC_ROOT_CLASS = YES_ERROR;
				CLANG_WARN_SUSPICIOUS_MOVES = YES;
				CLANG_WARN_UNREACHABLE_CODE = YES;
				CLANG_WARN__DUPLICATE_METHOD_MATCH = YES;
				"CODE_SIGN_IDENTITY[sdk=iphoneos*]" = "iPhone Developer";
				COPY_PHASE_STRIP = NO;
				DEBUG_INFORMATION_FORMAT = dwarf;
				ENABLE_STRICT_OBJC_MSGSEND = YES;
				ENABLE_TESTABILITY = YES;
				GCC_C_LANGUAGE_STANDARD = gnu99;
				GCC_DYNAMIC_NO_PIC = NO;
				GCC_NO_COMMON_BLOCKS = YES;
				GCC_OPTIMIZATION_LEVEL = 0;
				GCC_PREPROCESSOR_DEFINITIONS = (
					"DEBUG=1",
					"$(inherited)",
				);
				GCC_WARN_64_TO_32_BIT_CONVERSION = YES;
				GCC_WARN_ABOUT_RETURN_TYPE = YES_ERROR;
				GCC_WARN_UNDECLARED_SELECTOR = YES;
				GCC_WARN_UNINITIALIZED_AUTOS = YES_AGGRESSIVE;
				GCC_WARN_UNUSED_FUNCTION = YES;
				GCC_WARN_UNUSED_VARIABLE = YES;
				IPHONEOS_DEPLOYMENT_TARGET = 10.0;
				MTL_ENABLE_DEBUG_INFO = YES;
				ONLY_ACTIVE_ARCH = YES;
				SDKROOT = iphoneos;
				SWIFT_ACTIVE_COMPILATION_CONDITIONS = DEBUG;
				SWIFT_OPTIMIZATION_LEVEL = "-Onone";
			};
			name = Debug;
		};
		45B53CC41EAF106B001A1459 /* Release */ = {
			isa = XCBuildConfiguration;
			buildSettings = {
				ALWAYS_SEARCH_USER_PATHS = NO;
				CLANG_ANALYZER_NONNULL = YES;
				CLANG_CXX_LANGUAGE_STANDARD = "gnu++0x";
				CLANG_CXX_LIBRARY = "libc++";
				CLANG_ENABLE_MODULES = YES;
				CLANG_ENABLE_OBJC_ARC = YES;
				CLANG_WARN_BOOL_CONVERSION = YES;
				CLANG_WARN_CONSTANT_CONVERSION = YES;
				CLANG_WARN_DIRECT_OBJC_ISA_USAGE = YES_ERROR;
				CLANG_WARN_DOCUMENTATION_COMMENTS = YES;
				CLANG_WARN_EMPTY_BODY = YES;
				CLANG_WARN_ENUM_CONVERSION = YES;
				CLANG_WARN_INFINITE_RECURSION = YES;
				CLANG_WARN_INT_CONVERSION = YES;
				CLANG_WARN_OBJC_ROOT_CLASS = YES_ERROR;
				CLANG_WARN_SUSPICIOUS_MOVES = YES;
				CLANG_WARN_UNREACHABLE_CODE = YES;
				CLANG_WARN__DUPLICATE_METHOD_MATCH = YES;
				"CODE_SIGN_IDENTITY[sdk=iphoneos*]" = "iPhone Developer";
				COPY_PHASE_STRIP = NO;
				DEBUG_INFORMATION_FORMAT = "dwarf-with-dsym";
				ENABLE_NS_ASSERTIONS = NO;
				ENABLE_STRICT_OBJC_MSGSEND = YES;
				GCC_C_LANGUAGE_STANDARD = gnu99;
				GCC_NO_COMMON_BLOCKS = YES;
				GCC_WARN_64_TO_32_BIT_CONVERSION = YES;
				GCC_WARN_ABOUT_RETURN_TYPE = YES_ERROR;
				GCC_WARN_UNDECLARED_SELECTOR = YES;
				GCC_WARN_UNINITIALIZED_AUTOS = YES_AGGRESSIVE;
				GCC_WARN_UNUSED_FUNCTION = YES;
				GCC_WARN_UNUSED_VARIABLE = YES;
				IPHONEOS_DEPLOYMENT_TARGET = 10.0;
				MTL_ENABLE_DEBUG_INFO = NO;
				SDKROOT = iphoneos;
				SWIFT_OPTIMIZATION_LEVEL = "-Owholemodule";
				VALIDATE_PRODUCT = YES;
			};
			name = Release;
		};
		45B53CC61EAF106B001A1459 /* Debug */ = {
			isa = XCBuildConfiguration;
			buildSettings = {
				ASSETCATALOG_COMPILER_APPICON_NAME = AppIcon;
				DEVELOPMENT_TEAM = 4Z5X73439J;
				INFOPLIST_FILE = YsTest2/Info.plist;
				LD_RUNPATH_SEARCH_PATHS = "$(inherited) @executable_path/Frameworks";
				PRODUCT_BUNDLE_IDENTIFIER = kr.or.fsec.YsTest2;
				PRODUCT_NAME = "$(TARGET_NAME)";
				SWIFT_VERSION = 3.0;
			};
			name = Debug;
		};
		45B53CC71EAF106B001A1459 /* Release */ = {
			isa = XCBuildConfiguration;
			buildSettings = {
				ASSETCATALOG_COMPILER_APPICON_NAME = AppIcon;
				DEVELOPMENT_TEAM = 4Z5X73439J;
				INFOPLIST_FILE = YsTest2/Info.plist;
				LD_RUNPATH_SEARCH_PATHS = "$(inherited) @executable_path/Frameworks";
				PRODUCT_BUNDLE_IDENTIFIER = kr.or.fsec.YsTest2;
				PRODUCT_NAME = "$(TARGET_NAME)";
				SWIFT_VERSION = 3.0;
			};
			name = Release;
		};
/* End XCBuildConfiguration section */

/* Begin XCConfigurationList section */
		45B53CAE1EAF106B001A1459 /* Build configuration list for PBXProject "YsTest2" */ = {
			isa = XCConfigurationList;
			buildConfigurations = (
				45B53CC31EAF106B001A1459 /* Debug */,
				45B53CC41EAF106B001A1459 /* Release */,
			);
			defaultConfigurationIsVisible = 0;
			defaultConfigurationName = Release;
		};
		45B53CC51EAF106B001A1459 /* Build configuration list for PBXNativeTarget "YsTest2" */ = {
			isa = XCConfigurationList;
			buildConfigurations = (
				45B53CC61EAF106B001A1459 /* Debug */,
				45B53CC71EAF106B001A1459 /* Release */,
			);
			defaultConfigurationIsVisible = 0;
			defaultConfigurationName = Release;
		};
/* End XCConfigurationList section */
	};
	rootObject = 45B53CAB1EAF106B001A1459 /* Project object */;
}
